
Microsoft Visual Studio Solution File, Format Version 12.00
# Visual Studio Version 17
VisualStudioVersion = 17.11.35219.272
MinimumVisualStudioVersion = 10.0.40219.1
Project("{8BC9CEB8-8B4A-11D0-8D11-00A0C91BC942}") = "AlgoritmoGenetico8Rainhas", "AlgoritmoGenetico8Rainhas.vcxproj", "{1B45D091-7104-4D71-AAB0-80AE9F7FB85C}"
EndProject
Global
	GlobalSection(SolutionConfigurationPlatforms) = preSolution
		Debug|x64 = Debug|x64
		Debug|x86 = Debug|x86
		Release|x64 = Release|x64
		Release|x86 = Release|x86
	EndGlobalSection
	GlobalSection(ProjectConfigurationPlatforms) = postSolution
		{1B45D091-7104-4D71-AAB0-80AE9F7FB85C}.Debug|x64.ActiveCfg = Debug|x64
		{1B45D091-7104-4D71-AAB0-80AE9F7FB85C}.Debug|x64.Build.0 = Debug|x64
		{1B45D091-7104-4D71-AAB0-80AE9F7FB85C}.Debug|x86.ActiveCfg = Debug|Win32
		{1B45D091-7104-4D71-AAB0-80AE9F7FB85C}.Debug|x86.Build.0 = Debug|Win32
		{1B45D091-7104-4D71-AAB0-80AE9F7FB85C}.Release|x64.ActiveCfg = Release|x64
		{1B45D091-7104-4D71-AAB0-80AE9F7FB85C}.Release|x64.Build.0 = Release|x64
		{1B45D091-7104-4D71-AAB0-80AE9F7FB85C}.Release|x86.ActiveCfg = Release|Win32
		{1B45D091-7104-4D71-AAB0-80AE9F7FB85C}.Release|x86.Build.0 = Release|Win32
	EndGlobalSection
	GlobalSection(SolutionProperties) = preSolution
		HideSolutionNode = FALSE
	EndGlobalSection
	GlobalSection(ExtensibilityGlobals) = postSolution
		SolutionGuid = {A683290D-BDA6-4ED3-9674-71639BDF9174}
	EndGlobalSection
EndGlobal
